
Microsoft Visual Studio Solution File, Format Version 12.00
# Visual Studio Version 16
VisualStudioVersion = 16.0.30406.217
MinimumVisualStudioVersion = 10.0.40219.1
Project("{FAE04EC0-301F-11D3-BF4B-00C04F79EFBC}") = "sudrf_api", "sudrf_api\sudrf_api.csproj", "{63E103AA-EBF5-4F98-8AF3-5C368604EDD7}"
EndProject
Global
	GlobalSection(SolutionConfigurationPlatforms) = preSolution
		Debug|Any CPU = Debug|Any CPU
		Release|Any CPU = Release|Any CPU
	EndGlobalSection
	GlobalSection(ProjectConfigurationPlatforms) = postSolution
		{63E103AA-EBF5-4F98-8AF3-5C368604EDD7}.Debug|Any CPU.ActiveCfg = Debug|Any CPU
		{63E103AA-EBF5-4F98-8AF3-5C368604EDD7}.Debug|Any CPU.Build.0 = Debug|Any CPU
		{63E103AA-EBF5-4F98-8AF3-5C368604EDD7}.Release|Any CPU.ActiveCfg = Release|Any CPU
		{63E103AA-EBF5-4F98-8AF3-5C368604EDD7}.Release|Any CPU.Build.0 = Release|Any CPU
	EndGlobalSection
	GlobalSection(SolutionProperties) = preSolution
		HideSolutionNode = FALSE
	EndGlobalSection
	GlobalSection(ExtensibilityGlobals) = postSolution
		SolutionGuid = {6529B545-A88C-4FE4-BC78-8AA3DA4D88C6}
	EndGlobalSection
EndGlobal
